
Microsoft Visual Studio Solution File, Format Version 12.00
# Visual Studio Version 17
VisualStudioVersion = 17.0.32014.148
MinimumVisualStudioVersion = 10.0.40219.1
Project("{9A19103F-16F7-4668-BE54-9A1E7A4F7556}") = "EmployeeAPI", "EmployeeAPI.csproj", "{F436B799-983C-4EDB-AC22-673F6CE3EA64}"
EndProject
Project("{9A19103F-16F7-4668-BE54-9A1E7A4F7556}") = "APIGateway", "..\APIGateway\APIGateway.csproj", "{3463CE84-6424-4AFB-9F48-95731F152981}"
EndProject
Global
	GlobalSection(SolutionConfigurationPlatforms) = preSolution
		Debug|Any CPU = Debug|Any CPU
		Release|Any CPU = Release|Any CPU
	EndGlobalSection
	GlobalSection(ProjectConfigurationPlatforms) = postSolution
		{F436B799-983C-4EDB-AC22-673F6CE3EA64}.Debug|Any CPU.ActiveCfg = Debug|Any CPU
		{F436B799-983C-4EDB-AC22-673F6CE3EA64}.Debug|Any CPU.Build.0 = Debug|Any CPU
		{F436B799-983C-4EDB-AC22-673F6CE3EA64}.Release|Any CPU.ActiveCfg = Release|Any CPU
		{F436B799-983C-4EDB-AC22-673F6CE3EA64}.Release|Any CPU.Build.0 = Release|Any CPU
		{3463CE84-6424-4AFB-9F48-95731F152981}.Debug|Any CPU.ActiveCfg = Debug|Any CPU
		{3463CE84-6424-4AFB-9F48-95731F152981}.Debug|Any CPU.Build.0 = Debug|Any CPU
		{3463CE84-6424-4AFB-9F48-95731F152981}.Release|Any CPU.ActiveCfg = Release|Any CPU
		{3463CE84-6424-4AFB-9F48-95731F152981}.Release|Any CPU.Build.0 = Release|Any CPU
	EndGlobalSection
	GlobalSection(SolutionProperties) = preSolution
		HideSolutionNode = FALSE
	EndGlobalSection
	GlobalSection(ExtensibilityGlobals) = postSolution
		SolutionGuid = {3B18FE53-20F9-4D43-9F8A-D5FEEDAC16D5}
	EndGlobalSection
EndGlobal
