
Microsoft Visual Studio Solution File, Format Version 12.00
# Visual Studio Version 17
VisualStudioVersion = 17.0.32014.148
MinimumVisualStudioVersion = 10.0.40219.1
Project("{9A19103F-16F7-4668-BE54-9A1E7A4F7556}") = "APIGateway", "APIGateway.csproj", "{0518868A-B70D-4D20-A1B1-31598310334A}"
EndProject
Project("{9A19103F-16F7-4668-BE54-9A1E7A4F7556}") = "EmployeeAPI", "..\EmployeeAPI\EmployeeAPI.csproj", "{759866A1-E679-4AF2-886C-E2C17C3591FA}"
EndProject
Global
	GlobalSection(SolutionConfigurationPlatforms) = preSolution
		Debug|Any CPU = Debug|Any CPU
		Release|Any CPU = Release|Any CPU
	EndGlobalSection
	GlobalSection(ProjectConfigurationPlatforms) = postSolution
		{0518868A-B70D-4D20-A1B1-31598310334A}.Debug|Any CPU.ActiveCfg = Debug|Any CPU
		{0518868A-B70D-4D20-A1B1-31598310334A}.Debug|Any CPU.Build.0 = Debug|Any CPU
		{0518868A-B70D-4D20-A1B1-31598310334A}.Release|Any CPU.ActiveCfg = Release|Any CPU
		{0518868A-B70D-4D20-A1B1-31598310334A}.Release|Any CPU.Build.0 = Release|Any CPU
		{759866A1-E679-4AF2-886C-E2C17C3591FA}.Debug|Any CPU.ActiveCfg = Debug|Any CPU
		{759866A1-E679-4AF2-886C-E2C17C3591FA}.Debug|Any CPU.Build.0 = Debug|Any CPU
		{759866A1-E679-4AF2-886C-E2C17C3591FA}.Release|Any CPU.ActiveCfg = Release|Any CPU
		{759866A1-E679-4AF2-886C-E2C17C3591FA}.Release|Any CPU.Build.0 = Release|Any CPU
	EndGlobalSection
	GlobalSection(SolutionProperties) = preSolution
		HideSolutionNode = FALSE
	EndGlobalSection
	GlobalSection(ExtensibilityGlobals) = postSolution
		SolutionGuid = {E189EE3C-FCF9-46CE-B23C-443E0A99C6A7}
	EndGlobalSection
EndGlobal
